# This file is autogenerated, do not edit; changes may be undone by the next 'dep ensure'.


[[projects]]
  name = "github.com/golang/protobuf"
  packages = [
    "jsonpb",
    "proto",
    "ptypes/struct"
  ]
  revision = "925541529c1fa6821df4e44ce2723319eb2be768"
  version = "v1.0.0"

[[projects]]
  name = "github.com/twitchtv/twirp"
  packages = [
    ".",
    "ctxsetters",
    "hooks/statsd",
    "internal/contextkeys"
  ]
  revision = "1e149ba374383a4b74e836f6c9e54fede6b09c61"
  version = "v5.3.0"

[solve-meta]
  analyzer-name = "dep"
  analyzer-version = 1
  inputs-digest = "76dabdf8da6d110fa09f05237563bc07d26155830d12704225018786ca5404ac"
  solver-name = "gps-cdcl"
  solver-version = 1
